
Microsoft Visual Studio Solution File, Format Version 12.00
# Visual Studio Version 17
VisualStudioVersion = 17.8.34408.163
MinimumVisualStudioVersion = 10.0.40219.1
Project("{8BC9CEB8-8B4A-11D0-8D11-00A0C91BC942}") = "for得得得", "for得得得\for得得得.vcxproj", "{C88FB3E5-AA89-4DF0-9EE4-2820A09D2CBA}"
EndProject
Global
	GlobalSection(SolutionConfigurationPlatforms) = preSolution
		Debug|x64 = Debug|x64
		Debug|x86 = Debug|x86
		Release|x64 = Release|x64
		Release|x86 = Release|x86
	EndGlobalSection
	GlobalSection(ProjectConfigurationPlatforms) = postSolution
		{C88FB3E5-AA89-4DF0-9EE4-2820A09D2CBA}.Debug|x64.ActiveCfg = Debug|x64
		{C88FB3E5-AA89-4DF0-9EE4-2820A09D2CBA}.Debug|x64.Build.0 = Debug|x64
		{C88FB3E5-AA89-4DF0-9EE4-2820A09D2CBA}.Debug|x86.ActiveCfg = Debug|Win32
		{C88FB3E5-AA89-4DF0-9EE4-2820A09D2CBA}.Debug|x86.Build.0 = Debug|Win32
		{C88FB3E5-AA89-4DF0-9EE4-2820A09D2CBA}.Release|x64.ActiveCfg = Release|x64
		{C88FB3E5-AA89-4DF0-9EE4-2820A09D2CBA}.Release|x64.Build.0 = Release|x64
		{C88FB3E5-AA89-4DF0-9EE4-2820A09D2CBA}.Release|x86.ActiveCfg = Release|Win32
		{C88FB3E5-AA89-4DF0-9EE4-2820A09D2CBA}.Release|x86.Build.0 = Release|Win32
	EndGlobalSection
	GlobalSection(SolutionProperties) = preSolution
		HideSolutionNode = FALSE
	EndGlobalSection
	GlobalSection(ExtensibilityGlobals) = postSolution
		SolutionGuid = {5AF3F863-CC0B-455E-BD78-F9A76279B880}
	EndGlobalSection
EndGlobal
